
Microsoft Visual Studio Solution File, Format Version 12.00
# Visual Studio Version 16
VisualStudioVersion = 16.0.30406.217
MinimumVisualStudioVersion = 10.0.40219.1
Project("{FAE04EC0-301F-11D3-BF4B-00C04F79EFBC}") = "LojaVirtual", "LojaVirtual.csproj", "{1DFBC5A2-8C87-4B1C-94F5-9F64C9494860}"
EndProject
Global
	GlobalSection(SolutionConfigurationPlatforms) = preSolution
		Debug|Any CPU = Debug|Any CPU
		Release|Any CPU = Release|Any CPU
	EndGlobalSection
	GlobalSection(ProjectConfigurationPlatforms) = postSolution
		{1DFBC5A2-8C87-4B1C-94F5-9F64C9494860}.Debug|Any CPU.ActiveCfg = Debug|Any CPU
		{1DFBC5A2-8C87-4B1C-94F5-9F64C9494860}.Debug|Any CPU.Build.0 = Debug|Any CPU
		{1DFBC5A2-8C87-4B1C-94F5-9F64C9494860}.Release|Any CPU.ActiveCfg = Release|Any CPU
		{1DFBC5A2-8C87-4B1C-94F5-9F64C9494860}.Release|Any CPU.Build.0 = Release|Any CPU
	EndGlobalSection
	GlobalSection(SolutionProperties) = preSolution
		HideSolutionNode = FALSE
	EndGlobalSection
	GlobalSection(ExtensibilityGlobals) = postSolution
		SolutionGuid = {360104AB-0220-49B6-A2DC-2A19BC74F960}
	EndGlobalSection
EndGlobal
